
Microsoft Visual Studio Solution File, Format Version 12.00
# Visual Studio Version 17
VisualStudioVersion = 17.9.34728.123
MinimumVisualStudioVersion = 10.0.40219.1
Project("{FAE04EC0-301F-11D3-BF4B-00C04F79EFBC}") = "TeamCity", "TeamCity.csproj", "{4282D621-9CB1-4E64-AAFA-BA61F4159EDD}"
EndProject
Project("{FAE04EC0-301F-11D3-BF4B-00C04F79EFBC}") = "UnitTests", "..\UnitTests\UnitTests.csproj", "{B00C1E37-0A04-43A7-BCA7-7D458F59B7DF}"
EndProject
Global
	GlobalSection(SolutionConfigurationPlatforms) = preSolution
		Debug|Any CPU = Debug|Any CPU
		Release|Any CPU = Release|Any CPU
	EndGlobalSection
	GlobalSection(ProjectConfigurationPlatforms) = postSolution
		{4282D621-9CB1-4E64-AAFA-BA61F4159EDD}.Debug|Any CPU.ActiveCfg = Debug|Any CPU
		{4282D621-9CB1-4E64-AAFA-BA61F4159EDD}.Debug|Any CPU.Build.0 = Debug|Any CPU
		{4282D621-9CB1-4E64-AAFA-BA61F4159EDD}.Release|Any CPU.ActiveCfg = Release|Any CPU
		{4282D621-9CB1-4E64-AAFA-BA61F4159EDD}.Release|Any CPU.Build.0 = Release|Any CPU
		{B00C1E37-0A04-43A7-BCA7-7D458F59B7DF}.Debug|Any CPU.ActiveCfg = Debug|Any CPU
		{B00C1E37-0A04-43A7-BCA7-7D458F59B7DF}.Debug|Any CPU.Build.0 = Debug|Any CPU
		{B00C1E37-0A04-43A7-BCA7-7D458F59B7DF}.Release|Any CPU.ActiveCfg = Release|Any CPU
		{B00C1E37-0A04-43A7-BCA7-7D458F59B7DF}.Release|Any CPU.Build.0 = Release|Any CPU
	EndGlobalSection
	GlobalSection(SolutionProperties) = preSolution
		HideSolutionNode = FALSE
	EndGlobalSection
	GlobalSection(ExtensibilityGlobals) = postSolution
		SolutionGuid = {B1651147-7EC4-4705-8910-D24D7CF043C2}
	EndGlobalSection
EndGlobal
