
Microsoft Visual Studio Solution File, Format Version 12.00
# Visual Studio Version 17
VisualStudioVersion = 17.11.35431.28
MinimumVisualStudioVersion = 10.0.40219.1
Project("{FAE04EC0-301F-11D3-BF4B-00C04F79EFBC}") = "TeamCity", "TeamCity\TeamCity.csproj", "{A8BCB34A-C0B3-43CC-8615-AB658AB3760E}"
EndProject
Project("{FAE04EC0-301F-11D3-BF4B-00C04F79EFBC}") = "TestProject", "TestProject\TestProject.csproj", "{066B2611-2BA5-417D-9322-4A1D55998F7F}"
EndProject
Global
	GlobalSection(SolutionConfigurationPlatforms) = preSolution
		Debug|Any CPU = Debug|Any CPU
		Release|Any CPU = Release|Any CPU
	EndGlobalSection
	GlobalSection(ProjectConfigurationPlatforms) = postSolution
		{A8BCB34A-C0B3-43CC-8615-AB658AB3760E}.Debug|Any CPU.ActiveCfg = Debug|Any CPU
		{A8BCB34A-C0B3-43CC-8615-AB658AB3760E}.Debug|Any CPU.Build.0 = Debug|Any CPU
		{A8BCB34A-C0B3-43CC-8615-AB658AB3760E}.Release|Any CPU.ActiveCfg = Release|Any CPU
		{A8BCB34A-C0B3-43CC-8615-AB658AB3760E}.Release|Any CPU.Build.0 = Release|Any CPU
		{066B2611-2BA5-417D-9322-4A1D55998F7F}.Debug|Any CPU.ActiveCfg = Debug|Any CPU
		{066B2611-2BA5-417D-9322-4A1D55998F7F}.Debug|Any CPU.Build.0 = Debug|Any CPU
		{066B2611-2BA5-417D-9322-4A1D55998F7F}.Release|Any CPU.ActiveCfg = Release|Any CPU
		{066B2611-2BA5-417D-9322-4A1D55998F7F}.Release|Any CPU.Build.0 = Release|Any CPU
	EndGlobalSection
	GlobalSection(SolutionProperties) = preSolution
		HideSolutionNode = FALSE
	EndGlobalSection
	GlobalSection(ExtensibilityGlobals) = postSolution
		SolutionGuid = {4B008CE0-ECB1-41F8-8568-5A2D8AA7E7BE}
	EndGlobalSection
EndGlobal
